// !$*UTF8*$!
{
	archiveVersion = 1;
	classes = {
	};
	objectVersion = 46;
	objects = {

/* Begin PBXBuildFile section */
		4BB4DF201DE58A51006C840A /* main.m in Sources */ = {isa = PBXBuildFile; fileRef = 4BB4DF1F1DE58A51006C840A /* main.m */; };
		4BB4DF2B1DE58A51006C840A /* Assets.xcassets in Resources */ = {isa = PBXBuildFile; fileRef = 4BB4DF2A1DE58A51006C840A /* Assets.xcassets */; };
		4BB4DF2E1DE58A51006C840A /* LaunchScreen.storyboard in Resources */ = {isa = PBXBuildFile; fileRef = 4BB4DF2C1DE58A51006C840A /* LaunchScreen.storyboard */; };
		4BB4DF4F1DE58D66006C840A /* AppDelegate.m in Sources */ = {isa = PBXBuildFile; fileRef = 4BB4DF371DE58D66006C840A /* AppDelegate.m */; };
		4BB4DF511DE58D66006C840A /* NSString+Helper.m in Sources */ = {isa = PBXBuildFile; fileRef = 4BB4DF3E1DE58D66006C840A /* NSString+Helper.m */; };
		4BB4DF521DE58D66006C840A /* UIImage+FX.m in Sources */ = {isa = PBXBuildFile; fileRef = 4BB4DF401DE58D66006C840A /* UIImage+FX.m */; };
		4BB4DF531DE58D66006C840A /* UIImageView+Rotate.m in Sources */ = {isa = PBXBuildFile; fileRef = 4BB4DF421DE58D66006C840A /* UIImageView+Rotate.m */; };
		4BB4DF541DE58D66006C840A /* UIView+Frame.m in Sources */ = {isa = PBXBuildFile; fileRef = 4BB4DF441DE58D66006C840A /* UIView+Frame.m */; };
		4BB4DF551DE58D66006C840A /* UIViewController+DismissKeyboard.m in Sources */ = {isa = PBXBuildFile; fileRef = 4BB4DF461DE58D66006C840A /* UIViewController+DismissKeyboard.m */; };
		4BB4DF561DE58D66006C840A /* AppUtil.m in Sources */ = {isa = PBXBuildFile; fileRef = 4BB4DF4A1DE58D66006C840A /* AppUtil.m */; };
		4BB4DF571DE58D66006C840A /* JSONUtil.m in Sources */ = {isa = PBXBuildFile; fileRef = 4BB4DF4C1DE58D66006C840A /* JSONUtil.m */; };
		4BB4DF581DE58D66006C840A /* UIPlaceHolderTextView.m in Sources */ = {isa = PBXBuildFile; fileRef = 4BB4DF4E1DE58D66006C840A /* UIPlaceHolderTextView.m */; };
		4BB4DF5E1DE677FA006C840A /* BaseViewController.m in Sources */ = {isa = PBXBuildFile; fileRef = 4BB4DF5D1DE677FA006C840A /* BaseViewController.m */; };
		4BB4DF611DE6780C006C840A /* CustomNavigationController.m in Sources */ = {isa = PBXBuildFile; fileRef = 4BB4DF601DE6780C006C840A /* CustomNavigationController.m */; };
		4BB4DF641DE67825006C840A /* MainViewController.m in Sources */ = {isa = PBXBuildFile; fileRef = 4BB4DF631DE67825006C840A /* MainViewController.m */; };
		4BB4DF681DE67905006C840A /* BaseObject.m in Sources */ = {isa = PBXBuildFile; fileRef = 4BB4DF671DE67905006C840A /* BaseObject.m */; };
		4BB4DF6B1DE6797B006C840A /* WordInfo.m in Sources */ = {isa = PBXBuildFile; fileRef = 4BB4DF6A1DE6797B006C840A /* WordInfo.m */; };
		897C3D4D517AD5F316A12130 /* libPods-RememberWord.a in Frameworks */ = {isa = PBXBuildFile; fileRef = 5D66BDBB53D696BF17A5AC40 /* libPods-RememberWord.a */; };
/* End PBXBuildFile section */

/* Begin PBXFileReference section */
		4BB4DF1B1DE58A51006C840A /* RememberWord.app */ = {isa = PBXFileReference; explicitFileType = wrapper.application; includeInIndex = 0; path = RememberWord.app; sourceTree = BUILT_PRODUCTS_DIR; };
		4BB4DF1F1DE58A51006C840A /* main.m */ = {isa = PBXFileReference; lastKnownFileType = sourcecode.c.objc; path = main.m; sourceTree = "<group>"; };
		4BB4DF2A1DE58A51006C840A /* Assets.xcassets */ = {isa = PBXFileReference; lastKnownFileType = folder.assetcatalog; path = Assets.xcassets; sourceTree = "<group>"; };
		4BB4DF2D1DE58A51006C840A /* Base */ = {isa = PBXFileReference; lastKnownFileType = file.storyboard; name = Base; path = Base.lproj/LaunchScreen.storyboard; sourceTree = "<group>"; };
		4BB4DF2F1DE58A51006C840A /* Info.plist */ = {isa = PBXFileReference; lastKnownFileType = text.plist.xml; path = Info.plist; sourceTree = "<group>"; };
		4BB4DF361DE58D66006C840A /* AppDelegate.h */ = {isa = PBXFileReference; fileEncoding = 4; lastKnownFileType = sourcecode.c.h; path = AppDelegate.h; sourceTree = "<group>"; };
		4BB4DF371DE58D66006C840A /* AppDelegate.m */ = {isa = PBXFileReference; fileEncoding = 4; lastKnownFileType = sourcecode.c.objc; path = AppDelegate.m; sourceTree = "<group>"; };
		4BB4DF3D1DE58D66006C840A /* NSString+Helper.h */ = {isa = PBXFileReference; fileEncoding = 4; lastKnownFileType = sourcecode.c.h; path = "NSString+Helper.h"; sourceTree = "<group>"; };
		4BB4DF3E1DE58D66006C840A /* NSString+Helper.m */ = {isa = PBXFileReference; fileEncoding = 4; lastKnownFileType = sourcecode.c.objc; path = "NSString+Helper.m"; sourceTree = "<group>"; };
		4BB4DF3F1DE58D66006C840A /* UIImage+FX.h */ = {isa = PBXFileReference; fileEncoding = 4; lastKnownFileType = sourcecode.c.h; path = "UIImage+FX.h"; sourceTree = "<group>"; };
		4BB4DF401DE58D66006C840A /* UIImage+FX.m */ = {isa = PBXFileReference; fileEncoding = 4; lastKnownFileType = sourcecode.c.objc; path = "UIImage+FX.m"; sourceTree = "<group>"; };
		4BB4DF411DE58D66006C840A /* UIImageView+Rotate.h */ = {isa = PBXFileReference; fileEncoding = 4; lastKnownFileType = sourcecode.c.h; path = "UIImageView+Rotate.h"; sourceTree = "<group>"; };
		4BB4DF421DE58D66006C840A /* UIImageView+Rotate.m */ = {isa = PBXFileReference; fileEncoding = 4; lastKnownFileType = sourcecode.c.objc; path = "UIImageView+Rotate.m"; sourceTree = "<group>"; };
		4BB4DF431DE58D66006C840A /* UIView+Frame.h */ = {isa = PBXFileReference; fileEncoding = 4; lastKnownFileType = sourcecode.c.h; path = "UIView+Frame.h"; sourceTree = "<group>"; };
		4BB4DF441DE58D66006C840A /* UIView+Frame.m */ = {isa = PBXFileReference; fileEncoding = 4; lastKnownFileType = sourcecode.c.objc; path = "UIView+Frame.m"; sourceTree = "<group>"; };
		4BB4DF451DE58D66006C840A /* UIViewController+DismissKeyboard.h */ = {isa = PBXFileReference; fileEncoding = 4; lastKnownFileType = sourcecode.c.h; path = "UIViewController+DismissKeyboard.h"; sourceTree = "<group>"; };
		4BB4DF461DE58D66006C840A /* UIViewController+DismissKeyboard.m */ = {isa = PBXFileReference; fileEncoding = 4; lastKnownFileType = sourcecode.c.objc; path = "UIViewController+DismissKeyboard.m"; sourceTree = "<group>"; };
		4BB4DF471DE58D66006C840A /* Macros.h */ = {isa = PBXFileReference; fileEncoding = 4; lastKnownFileType = sourcecode.c.h; path = Macros.h; sourceTree = "<group>"; };
		4BB4DF491DE58D66006C840A /* AppUtil.h */ = {isa = PBXFileReference; fileEncoding = 4; lastKnownFileType = sourcecode.c.h; path = AppUtil.h; sourceTree = "<group>"; };
		4BB4DF4A1DE58D66006C840A /* AppUtil.m */ = {isa = PBXFileReference; fileEncoding = 4; lastKnownFileType = sourcecode.c.objc; path = AppUtil.m; sourceTree = "<group>"; };
		4BB4DF4B1DE58D66006C840A /* JSONUtil.h */ = {isa = PBXFileReference; fileEncoding = 4; lastKnownFileType = sourcecode.c.h; path = JSONUtil.h; sourceTree = "<group>"; };
		4BB4DF4C1DE58D66006C840A /* JSONUtil.m */ = {isa = PBXFileReference; fileEncoding = 4; lastKnownFileType = sourcecode.c.objc; path = JSONUtil.m; sourceTree = "<group>"; };
		4BB4DF4D1DE58D66006C840A /* UIPlaceHolderTextView.h */ = {isa = PBXFileReference; fileEncoding = 4; lastKnownFileType = sourcecode.c.h; path = UIPlaceHolderTextView.h; sourceTree = "<group>"; };
		4BB4DF4E1DE58D66006C840A /* UIPlaceHolderTextView.m */ = {isa = PBXFileReference; fileEncoding = 4; lastKnownFileType = sourcecode.c.objc; path = UIPlaceHolderTextView.m; sourceTree = "<group>"; };
		4BB4DF591DE58DB1006C840A /* Prefix.pch */ = {isa = PBXFileReference; lastKnownFileType = sourcecode.c.h; path = Prefix.pch; sourceTree = "<group>"; };
		4BB4DF5A1DE58DDE006C840A /* Config.h */ = {isa = PBXFileReference; lastKnownFileType = sourcecode.c.h; path = Config.h; sourceTree = "<group>"; };
		4BB4DF5C1DE677FA006C840A /* BaseViewController.h */ = {isa = PBXFileReference; fileEncoding = 4; lastKnownFileType = sourcecode.c.h; path = BaseViewController.h; sourceTree = "<group>"; };
		4BB4DF5D1DE677FA006C840A /* BaseViewController.m */ = {isa = PBXFileReference; fileEncoding = 4; lastKnownFileType = sourcecode.c.objc; path = BaseViewController.m; sourceTree = "<group>"; };
		4BB4DF5F1DE6780C006C840A /* CustomNavigationController.h */ = {isa = PBXFileReference; fileEncoding = 4; lastKnownFileType = sourcecode.c.h; path = CustomNavigationController.h; sourceTree = "<group>"; };
		4BB4DF601DE6780C006C840A /* CustomNavigationController.m */ = {isa = PBXFileReference; fileEncoding = 4; lastKnownFileType = sourcecode.c.objc; path = CustomNavigationController.m; sourceTree = "<group>"; };
		4BB4DF621DE67825006C840A /* MainViewController.h */ = {isa = PBXFileReference; fileEncoding = 4; lastKnownFileType = sourcecode.c.h; path = MainViewController.h; sourceTree = "<group>"; };
		4BB4DF631DE67825006C840A /* MainViewController.m */ = {isa = PBXFileReference; fileEncoding = 4; lastKnownFileType = sourcecode.c.objc; path = MainViewController.m; sourceTree = "<group>"; };
		4BB4DF661DE67905006C840A /* BaseObject.h */ = {isa = PBXFileReference; fileEncoding = 4; lastKnownFileType = sourcecode.c.h; path = BaseObject.h; sourceTree = "<group>"; };
		4BB4DF671DE67905006C840A /* BaseObject.m */ = {isa = PBXFileReference; fileEncoding = 4; lastKnownFileType = sourcecode.c.objc; path = BaseObject.m; sourceTree = "<group>"; };
		4BB4DF691DE6797B006C840A /* WordInfo.h */ = {isa = PBXFileReference; fileEncoding = 4; lastKnownFileType = sourcecode.c.h; path = WordInfo.h; sourceTree = "<group>"; };
		4BB4DF6A1DE6797B006C840A /* WordInfo.m */ = {isa = PBXFileReference; fileEncoding = 4; lastKnownFileType = sourcecode.c.objc; path = WordInfo.m; sourceTree = "<group>"; };
		56DF4E7D202A75328F1CC2F1 /* Pods-RememberWord.debug.xcconfig */ = {isa = PBXFileReference; includeInIndex = 1; lastKnownFileType = text.xcconfig; name = "Pods-RememberWord.debug.xcconfig"; path = "Pods/Target Support Files/Pods-RememberWord/Pods-RememberWord.debug.xcconfig"; sourceTree = "<group>"; };
		5D66BDBB53D696BF17A5AC40 /* libPods-RememberWord.a */ = {isa = PBXFileReference; explicitFileType = archive.ar; includeInIndex = 0; path = "libPods-RememberWord.a"; sourceTree = BUILT_PRODUCTS_DIR; };
		5E864C26E98F282DF2C79FA2 /* Pods-RememberWord.release.xcconfig */ = {isa = PBXFileReference; includeInIndex = 1; lastKnownFileType = text.xcconfig; name = "Pods-RememberWord.release.xcconfig"; path = "Pods/Target Support Files/Pods-RememberWord/Pods-RememberWord.release.xcconfig"; sourceTree = "<group>"; };
/* End PBXFileReference section */

/* Begin PBXFrameworksBuildPhase section */
		4BB4DF181DE58A51006C840A /* Frameworks */ = {
			isa = PBXFrameworksBuildPhase;
			buildActionMask = 2147483647;
			files = (
				897C3D4D517AD5F316A12130 /* libPods-RememberWord.a in Frameworks */,
			);
			runOnlyForDeploymentPostprocessing = 0;
		};
/* End PBXFrameworksBuildPhase section */

/* Begin PBXGroup section */
		4BB4DF121DE58A51006C840A = {
			isa = PBXGroup;
			children = (
				4BB4DF1D1DE58A51006C840A /* RememberWord */,
				4BB4DF1C1DE58A51006C840A /* Products */,
				7F047E5FF3B407B20F2E4122 /* Pods */,
				6032488B04DB1595CFCC175B /* Frameworks */,
			);
			sourceTree = "<group>";
		};
		4BB4DF1C1DE58A51006C840A /* Products */ = {
			isa = PBXGroup;
			children = (
				4BB4DF1B1DE58A51006C840A /* RememberWord.app */,
			);
			name = Products;
			sourceTree = "<group>";
		};
		4BB4DF1D1DE58A51006C840A /* RememberWord */ = {
			isa = PBXGroup;
			children = (
				4BB4DF351DE58D66006C840A /* Classes */,
				4BB4DF3B1DE58D66006C840A /* ToolKit */,
				4BB4DF3A1DE58D66006C840A /* Library */,
				4BB4DF2A1DE58A51006C840A /* Assets.xcassets */,
				4BB4DF2C1DE58A51006C840A /* LaunchScreen.storyboard */,
				4BB4DF2F1DE58A51006C840A /* Info.plist */,
				4BB4DF1E1DE58A51006C840A /* Supporting Files */,
			);
			path = RememberWord;
			sourceTree = "<group>";
		};
		4BB4DF1E1DE58A51006C840A /* Supporting Files */ = {
			isa = PBXGroup;
			children = (
				4BB4DF1F1DE58A51006C840A /* main.m */,
				4BB4DF591DE58DB1006C840A /* Prefix.pch */,
			);
			name = "Supporting Files";
			sourceTree = "<group>";
		};
		4BB4DF351DE58D66006C840A /* Classes */ = {
			isa = PBXGroup;
			children = (
				4BB4DF5A1DE58DDE006C840A /* Config.h */,
				4BB4DF361DE58D66006C840A /* AppDelegate.h */,
				4BB4DF371DE58D66006C840A /* AppDelegate.m */,
				4BB4DF651DE678F9006C840A /* Models */,
				4BB4DF5B1DE677E8006C840A /* ViewControllers */,
			);
			path = Classes;
			sourceTree = "<group>";
		};
		4BB4DF3A1DE58D66006C840A /* Library */ = {
			isa = PBXGroup;
			children = (
			);
			path = Library;
			sourceTree = "<group>";
		};
		4BB4DF3B1DE58D66006C840A /* ToolKit */ = {
			isa = PBXGroup;
			children = (
				4BB4DF471DE58D66006C840A /* Macros.h */,
				4BB4DF3C1DE58D66006C840A /* Extenstions */,
				4BB4DF481DE58D66006C840A /* Utils */,
			);
			path = ToolKit;
			sourceTree = "<group>";
		};
		4BB4DF3C1DE58D66006C840A /* Extenstions */ = {
			isa = PBXGroup;
			children = (
				4BB4DF3D1DE58D66006C840A /* NSString+Helper.h */,
				4BB4DF3E1DE58D66006C840A /* NSString+Helper.m */,
				4BB4DF3F1DE58D66006C840A /* UIImage+FX.h */,
				4BB4DF401DE58D66006C840A /* UIImage+FX.m */,
				4BB4DF411DE58D66006C840A /* UIImageView+Rotate.h */,
				4BB4DF421DE58D66006C840A /* UIImageView+Rotate.m */,
				4BB4DF431DE58D66006C840A /* UIView+Frame.h */,
				4BB4DF441DE58D66006C840A /* UIView+Frame.m */,
				4BB4DF451DE58D66006C840A /* UIViewController+DismissKeyboard.h */,
				4BB4DF461DE58D66006C840A /* UIViewController+DismissKeyboard.m */,
			);
			path = Extenstions;
			sourceTree = "<group>";
		};
		4BB4DF481DE58D66006C840A /* Utils */ = {
			isa = PBXGroup;
			children = (
				4BB4DF491DE58D66006C840A /* AppUtil.h */,
				4BB4DF4A1DE58D66006C840A /* AppUtil.m */,
				4BB4DF4B1DE58D66006C840A /* JSONUtil.h */,
				4BB4DF4C1DE58D66006C840A /* JSONUtil.m */,
				4BB4DF4D1DE58D66006C840A /* UIPlaceHolderTextView.h */,
				4BB4DF4E1DE58D66006C840A /* UIPlaceHolderTextView.m */,
			);
			path = Utils;
			sourceTree = "<group>";
		};
		4BB4DF5B1DE677E8006C840A /* ViewControllers */ = {
			isa = PBXGroup;
			children = (
				4BB4DF5C1DE677FA006C840A /* BaseViewController.h */,
				4BB4DF5D1DE677FA006C840A /* BaseViewController.m */,
				4BB4DF5F1DE6780C006C840A /* CustomNavigationController.h */,
				4BB4DF601DE6780C006C840A /* CustomNavigationController.m */,
				4BB4DF621DE67825006C840A /* MainViewController.h */,
				4BB4DF631DE67825006C840A /* MainViewController.m */,
			);
			name = ViewControllers;
			sourceTree = "<group>";
		};
		4BB4DF651DE678F9006C840A /* Models */ = {
			isa = PBXGroup;
			children = (
				4BB4DF661DE67905006C840A /* BaseObject.h */,
				4BB4DF671DE67905006C840A /* BaseObject.m */,
				4BB4DF691DE6797B006C840A /* WordInfo.h */,
				4BB4DF6A1DE6797B006C840A /* WordInfo.m */,
			);
			name = Models;
			sourceTree = "<group>";
		};
		6032488B04DB1595CFCC175B /* Frameworks */ = {
			isa = PBXGroup;
			children = (
				5D66BDBB53D696BF17A5AC40 /* libPods-RememberWord.a */,
			);
			name = Frameworks;
			sourceTree = "<group>";
		};
		7F047E5FF3B407B20F2E4122 /* Pods */ = {
			isa = PBXGroup;
			children = (
				56DF4E7D202A75328F1CC2F1 /* Pods-RememberWord.debug.xcconfig */,
				5E864C26E98F282DF2C79FA2 /* Pods-RememberWord.release.xcconfig */,
			);
			name = Pods;
			sourceTree = "<group>";
		};
/* End PBXGroup section */

/* Begin PBXNativeTarget section */
		4BB4DF1A1DE58A51006C840A /* RememberWord */ = {
			isa = PBXNativeTarget;
			buildConfigurationList = 4BB4DF321DE58A51006C840A /* Build configuration list for PBXNativeTarget "RememberWord" */;
			buildPhases = (
				DE7D2D0C5E86D8E583EEA4E3 /* [CP] Check Pods Manifest.lock */,
				4BB4DF171DE58A51006C840A /* Sources */,
				4BB4DF181DE58A51006C840A /* Frameworks */,
				4BB4DF191DE58A51006C840A /* Resources */,
				899906647CB9233CFD9CA320 /* [CP] Embed Pods Frameworks */,
				7194C30C915467F711F2CC36 /* [CP] Copy Pods Resources */,
			);
			buildRules = (
			);
			dependencies = (
			);
			name = RememberWord;
			productName = RememberWord;
			productReference = 4BB4DF1B1DE58A51006C840A /* RememberWord.app */;
			productType = "com.apple.product-type.application";
		};
/* End PBXNativeTarget section */

/* Begin PBXProject section */
		4BB4DF131DE58A51006C840A /* Project object */ = {
			isa = PBXProject;
			attributes = {
				LastUpgradeCheck = 0800;
				ORGANIZATIONNAME = "Calle Zhang";
				TargetAttributes = {
					4BB4DF1A1DE58A51006C840A = {
						CreatedOnToolsVersion = 8.0;
						DevelopmentTeam = A4B8PN9SL4;
						ProvisioningStyle = Automatic;
					};
				};
			};
			buildConfigurationList = 4BB4DF161DE58A51006C840A /* Build configuration list for PBXProject "RememberWord" */;
			compatibilityVersion = "Xcode 3.2";
			developmentRegion = English;
			hasScannedForEncodings = 0;
			knownRegions = (
				en,
				Base,
			);
			mainGroup = 4BB4DF121DE58A51006C840A;
			productRefGroup = 4BB4DF1C1DE58A51006C840A /* Products */;
			projectDirPath = "";
			projectRoot = "";
			targets = (
				4BB4DF1A1DE58A51006C840A /* RememberWord */,
			);
		};
/* End PBXProject section */

/* Begin PBXResourcesBuildPhase section */
		4BB4DF191DE58A51006C840A /* Resources */ = {
			isa = PBXResourcesBuildPhase;
			buildActionMask = 2147483647;
			files = (
				4BB4DF2E1DE58A51006C840A /* LaunchScreen.storyboard in Resources */,
				4BB4DF2B1DE58A51006C840A /* Assets.xcassets in Resources */,
			);
			runOnlyForDeploymentPostprocessing = 0;
		};
/* End PBXResourcesBuildPhase section */

/* Begin PBXShellScriptBuildPhase section */
		7194C30C915467F711F2CC36 /* [CP] Copy Pods Resources */ = {
			isa = PBXShellScriptBuildPhase;
			buildActionMask = 2147483647;
			files = (
			);
			inputPaths = (
			);
			name = "[CP] Copy Pods Resources";
			outputPaths = (
			);
			runOnlyForDeploymentPostprocessing = 0;
			shellPath = /bin/sh;
			shellScript = "\"${SRCROOT}/Pods/Target Support Files/Pods-RememberWord/Pods-RememberWord-resources.sh\"\n";
			showEnvVarsInLog = 0;
		};
		899906647CB9233CFD9CA320 /* [CP] Embed Pods Frameworks */ = {
			isa = PBXShellScriptBuildPhase;
			buildActionMask = 2147483647;
			files = (
			);
			inputPaths = (
			);
			name = "[CP] Embed Pods Frameworks";
			outputPaths = (
			);
			runOnlyForDeploymentPostprocessing = 0;
			shellPath = /bin/sh;
			shellScript = "\"${SRCROOT}/Pods/Target Support Files/Pods-RememberWord/Pods-RememberWord-frameworks.sh\"\n";
			showEnvVarsInLog = 0;
		};
		DE7D2D0C5E86D8E583EEA4E3 /* [CP] Check Pods Manifest.lock */ = {
			isa = PBXShellScriptBuildPhase;
			buildActionMask = 2147483647;
			files = (
			);
			inputPaths = (
			);
			name = "[CP] Check Pods Manifest.lock";
			outputPaths = (
			);
			runOnlyForDeploymentPostprocessing = 0;
			shellPath = /bin/sh;
			shellScript = "diff \"${PODS_ROOT}/../Podfile.lock\" \"${PODS_ROOT}/Manifest.lock\" > /dev/null\nif [ $? != 0 ] ; then\n    # print error to STDERR\n    echo \"error: The sandbox is not in sync with the Podfile.lock. Run 'pod install' or update your CocoaPods installation.\" >&2\n    exit 1\nfi\n";
			showEnvVarsInLog = 0;
		};
/* End PBXShellScriptBuildPhase section */

/* Begin PBXSourcesBuildPhase section */
		4BB4DF171DE58A51006C840A /* Sources */ = {
			isa = PBXSourcesBuildPhase;
			buildActionMask = 2147483647;
			files = (
				4BB4DF561DE58D66006C840A /* AppUtil.m in Sources */,
				4BB4DF5E1DE677FA006C840A /* BaseViewController.m in Sources */,
				4BB4DF571DE58D66006C840A /* JSONUtil.m in Sources */,
				4BB4DF521DE58D66006C840A /* UIImage+FX.m in Sources */,
				4BB4DF531DE58D66006C840A /* UIImageView+Rotate.m in Sources */,
				4BB4DF551DE58D66006C840A /* UIViewController+DismissKeyboard.m in Sources */,
				4BB4DF541DE58D66006C840A /* UIView+Frame.m in Sources */,
				4BB4DF6B1DE6797B006C840A /* WordInfo.m in Sources */,
				4BB4DF4F1DE58D66006C840A /* AppDelegate.m in Sources */,
				4BB4DF581DE58D66006C840A /* UIPlaceHolderTextView.m in Sources */,
				4BB4DF681DE67905006C840A /* BaseObject.m in Sources */,
				4BB4DF611DE6780C006C840A /* CustomNavigationController.m in Sources */,
				4BB4DF641DE67825006C840A /* MainViewController.m in Sources */,
				4BB4DF201DE58A51006C840A /* main.m in Sources */,
				4BB4DF511DE58D66006C840A /* NSString+Helper.m in Sources */,
			);
			runOnlyForDeploymentPostprocessing = 0;
		};
/* End PBXSourcesBuildPhase section */

/* Begin PBXVariantGroup section */
		4BB4DF2C1DE58A51006C840A /* LaunchScreen.storyboard */ = {
			isa = PBXVariantGroup;
			children = (
				4BB4DF2D1DE58A51006C840A /* Base */,
			);
			name = LaunchScreen.storyboard;
			sourceTree = "<group>";
		};
/* End PBXVariantGroup section */

/* Begin XCBuildConfiguration section */
		4BB4DF301DE58A51006C840A /* Debug */ = {
			isa = XCBuildConfiguration;
			buildSettings = {
				ALWAYS_SEARCH_USER_PATHS = NO;
				CLANG_ANALYZER_NONNULL = YES;
				CLANG_CXX_LANGUAGE_STANDARD = "gnu++0x";
				CLANG_CXX_LIBRARY = "libc++";
				CLANG_ENABLE_MODULES = YES;
				CLANG_ENABLE_OBJC_ARC = YES;
				CLANG_WARN_BOOL_CONVERSION = YES;
				CLANG_WARN_CONSTANT_CONVERSION = YES;
				CLANG_WARN_DIRECT_OBJC_ISA_USAGE = YES_ERROR;
				CLANG_WARN_DOCUMENTATION_COMMENTS = YES;
				CLANG_WARN_EMPTY_BODY = YES;
				CLANG_WARN_ENUM_CONVERSION = YES;
				CLANG_WARN_INFINITE_RECURSION = YES;
				CLANG_WARN_INT_CONVERSION = YES;
				CLANG_WARN_OBJC_ROOT_CLASS = YES_ERROR;
				CLANG_WARN_SUSPICIOUS_MOVES = YES;
				CLANG_WARN_UNREACHABLE_CODE = YES;
				CLANG_WARN__DUPLICATE_METHOD_MATCH = YES;
				"CODE_SIGN_IDENTITY[sdk=iphoneos*]" = "iPhone Developer";
				COPY_PHASE_STRIP = NO;
				DEBUG_INFORMATION_FORMAT = dwarf;
				ENABLE_STRICT_OBJC_MSGSEND = YES;
				ENABLE_TESTABILITY = YES;
				GCC_C_LANGUAGE_STANDARD = gnu99;
				GCC_DYNAMIC_NO_PIC = NO;
				GCC_NO_COMMON_BLOCKS = YES;
				GCC_OPTIMIZATION_LEVEL = 0;
				GCC_PREPROCESSOR_DEFINITIONS = (
					"DEBUG=1",
					"$(inherited)",
				);
				GCC_WARN_64_TO_32_BIT_CONVERSION = YES;
				GCC_WARN_ABOUT_RETURN_TYPE = YES_ERROR;
				GCC_WARN_UNDECLARED_SELECTOR = YES;
				GCC_WARN_UNINITIALIZED_AUTOS = YES_AGGRESSIVE;
				GCC_WARN_UNUSED_FUNCTION = YES;
				GCC_WARN_UNUSED_VARIABLE = YES;
				IPHONEOS_DEPLOYMENT_TARGET = 10.0;
				MTL_ENABLE_DEBUG_INFO = YES;
				ONLY_ACTIVE_ARCH = YES;
				SDKROOT = iphoneos;
			};
			name = Debug;
		};
		4BB4DF311DE58A51006C840A /* Release */ = {
			isa = XCBuildConfiguration;
			buildSettings = {
				ALWAYS_SEARCH_USER_PATHS = NO;
				CLANG_ANALYZER_NONNULL = YES;
				CLANG_CXX_LANGUAGE_STANDARD = "gnu++0x";
				CLANG_CXX_LIBRARY = "libc++";
				CLANG_ENABLE_MODULES = YES;
				CLANG_ENABLE_OBJC_ARC = YES;
				CLANG_WARN_BOOL_CONVERSION = YES;
				CLANG_WARN_CONSTANT_CONVERSION = YES;
				CLANG_WARN_DIRECT_OBJC_ISA_USAGE = YES_ERROR;
				CLANG_WARN_DOCUMENTATION_COMMENTS = YES;
				CLANG_WARN_EMPTY_BODY = YES;
				CLANG_WARN_ENUM_CONVERSION = YES;
				CLANG_WARN_INFINITE_RECURSION = YES;
				CLANG_WARN_INT_CONVERSION = YES;
				CLANG_WARN_OBJC_ROOT_CLASS = YES_ERROR;
				CLANG_WARN_SUSPICIOUS_MOVES = YES;
				CLANG_WARN_UNREACHABLE_CODE = YES;
				CLANG_WARN__DUPLICATE_METHOD_MATCH = YES;
				"CODE_SIGN_IDENTITY[sdk=iphoneos*]" = "iPhone Developer";
				COPY_PHASE_STRIP = NO;
				DEBUG_INFORMATION_FORMAT = "dwarf-with-dsym";
				ENABLE_NS_ASSERTIONS = NO;
				ENABLE_STRICT_OBJC_MSGSEND = YES;
				GCC_C_LANGUAGE_STANDARD = gnu99;
				GCC_NO_COMMON_BLOCKS = YES;
				GCC_WARN_64_TO_32_BIT_CONVERSION = YES;
				GCC_WARN_ABOUT_RETURN_TYPE = YES_ERROR;
				GCC_WARN_UNDECLARED_SELECTOR = YES;
				GCC_WARN_UNINITIALIZED_AUTOS = YES_AGGRESSIVE;
				GCC_WARN_UNUSED_FUNCTION = YES;
				GCC_WARN_UNUSED_VARIABLE = YES;
				IPHONEOS_DEPLOYMENT_TARGET = 10.0;
				MTL_ENABLE_DEBUG_INFO = NO;
				SDKROOT = iphoneos;
				VALIDATE_PRODUCT = YES;
			};
			name = Release;
		};
		4BB4DF331DE58A51006C840A /* Debug */ = {
			isa = XCBuildConfiguration;
			baseConfigurationReference = 56DF4E7D202A75328F1CC2F1 /* Pods-RememberWord.debug.xcconfig */;
			buildSettings = {
				ASSETCATALOG_COMPILER_APPICON_NAME = AppIcon;
				DEVELOPMENT_TEAM = A4B8PN9SL4;
				GCC_PRECOMPILE_PREFIX_HEADER = YES;
				GCC_PREFIX_HEADER = RememberWord/Prefix.pch;
				INFOPLIST_FILE = RememberWord/Info.plist;
				IPHONEOS_DEPLOYMENT_TARGET = 8.0;
				LD_RUNPATH_SEARCH_PATHS = "$(inherited) @executable_path/Frameworks";
				PRODUCT_BUNDLE_IDENTIFIER = com.calle.RememberWord;
				PRODUCT_NAME = "$(TARGET_NAME)";
			};
			name = Debug;
		};
		4BB4DF341DE58A51006C840A /* Release */ = {
			isa = XCBuildConfiguration;
			baseConfigurationReference = 5E864C26E98F282DF2C79FA2 /* Pods-RememberWord.release.xcconfig */;
			buildSettings = {
				ASSETCATALOG_COMPILER_APPICON_NAME = AppIcon;
				DEVELOPMENT_TEAM = A4B8PN9SL4;
				GCC_PRECOMPILE_PREFIX_HEADER = YES;
				GCC_PREFIX_HEADER = RememberWord/Prefix.pch;
				INFOPLIST_FILE = RememberWord/Info.plist;
				IPHONEOS_DEPLOYMENT_TARGET = 8.0;
				LD_RUNPATH_SEARCH_PATHS = "$(inherited) @executable_path/Frameworks";
				PRODUCT_BUNDLE_IDENTIFIER = com.calle.RememberWord;
				PRODUCT_NAME = "$(TARGET_NAME)";
			};
			name = Release;
		};
/* End XCBuildConfiguration section */

/* Begin XCConfigurationList section */
		4BB4DF161DE58A51006C840A /* Build configuration list for PBXProject "RememberWord" */ = {
			isa = XCConfigurationList;
			buildConfigurations = (
				4BB4DF301DE58A51006C840A /* Debug */,
				4BB4DF311DE58A51006C840A /* Release */,
			);
			defaultConfigurationIsVisible = 0;
			defaultConfigurationName = Release;
		};
		4BB4DF321DE58A51006C840A /* Build configuration list for PBXNativeTarget "RememberWord" */ = {
			isa = XCConfigurationList;
			buildConfigurations = (
				4BB4DF331DE58A51006C840A /* Debug */,
				4BB4DF341DE58A51006C840A /* Release */,
			);
			defaultConfigurationIsVisible = 0;
			defaultConfigurationName = Release;
		};
/* End XCConfigurationList section */
	};
	rootObject = 4BB4DF131DE58A51006C840A /* Project object */;
}
